
Microsoft Visual Studio Solution File, Format Version 12.00
# Visual Studio Version 17
VisualStudioVersion = 17.1.32407.343
MinimumVisualStudioVersion = 10.0.40219.1
Project("{9A19103F-16F7-4668-BE54-9A1E7A4F7556}") = "BroGymApi", "BroGymApi\BroGymApi.csproj", "{CDDD472A-3672-4C7B-83F3-40FB3238D683}"
EndProject
Project("{FAE04EC0-301F-11D3-BF4B-00C04F79EFBC}") = "Biblioteca", "Biblioteca\Biblioteca.csproj", "{641D337A-CA8B-4594-8049-FD8EBBEF6C14}"
EndProject
Global
	GlobalSection(SolutionConfigurationPlatforms) = preSolution
		Debug|Any CPU = Debug|Any CPU
		Release|Any CPU = Release|Any CPU
	EndGlobalSection
	GlobalSection(ProjectConfigurationPlatforms) = postSolution
		{CDDD472A-3672-4C7B-83F3-40FB3238D683}.Debug|Any CPU.ActiveCfg = Debug|Any CPU
		{CDDD472A-3672-4C7B-83F3-40FB3238D683}.Debug|Any CPU.Build.0 = Debug|Any CPU
		{CDDD472A-3672-4C7B-83F3-40FB3238D683}.Release|Any CPU.ActiveCfg = Release|Any CPU
		{CDDD472A-3672-4C7B-83F3-40FB3238D683}.Release|Any CPU.Build.0 = Release|Any CPU
		{641D337A-CA8B-4594-8049-FD8EBBEF6C14}.Debug|Any CPU.ActiveCfg = Debug|Any CPU
		{641D337A-CA8B-4594-8049-FD8EBBEF6C14}.Debug|Any CPU.Build.0 = Debug|Any CPU
		{641D337A-CA8B-4594-8049-FD8EBBEF6C14}.Release|Any CPU.ActiveCfg = Release|Any CPU
		{641D337A-CA8B-4594-8049-FD8EBBEF6C14}.Release|Any CPU.Build.0 = Release|Any CPU
	EndGlobalSection
	GlobalSection(SolutionProperties) = preSolution
		HideSolutionNode = FALSE
	EndGlobalSection
	GlobalSection(ExtensibilityGlobals) = postSolution
		SolutionGuid = {F246A348-C637-427B-9A28-9D8B4932B138}
	EndGlobalSection
EndGlobal
